// !$*UTF8*$!
{
	archiveVersion = 1;
	classes = {
	};
	objectVersion = 56;
	objects = {

/* Begin PBXBuildFile section */
		F001 /* AI_Live_Trainer_SystemApp.swift in Sources */ = {isa = PBXBuildFile; fileRef = S001; };
		F002 /* ContentView.swift in Sources */ = {isa = PBXBuildFile; fileRef = S002; };
		F003 /* HomeLibraryView.swift in Sources */ = {isa = PBXBuildFile; fileRef = S003; };
		F004 /* WorkoutCardView.swift in Sources */ = {isa = PBXBuildFile; fileRef = S004; };
		F005 /* WorkoutPreRollView.swift in Sources */ = {isa = PBXBuildFile; fileRef = S005; };
		F006 /* LiveSessionView.swift in Sources */ = {isa = PBXBuildFile; fileRef = S006; };
		F007 /* CameraFeedView.swift in Sources */ = {isa = PBXBuildFile; fileRef = S007; };
		F008 /* ARBodyOverlayView.swift in Sources */ = {isa = PBXBuildFile; fileRef = S008; };
		F009 /* PostWorkoutView.swift in Sources */ = {isa = PBXBuildFile; fileRef = S009; };
		F010 /* ActivityView.swift in Sources */ = {isa = PBXBuildFile; fileRef = S010; };
		F011 /* AIInsightsView.swift in Sources */ = {isa = PBXBuildFile; fileRef = S011; };
		F012 /* SettingsView.swift in Sources */ = {isa = PBXBuildFile; fileRef = S012; };
		F013 /* WorkoutModel.swift in Sources */ = {isa = PBXBuildFile; fileRef = S013; };
		F014 /* WorkoutSession.swift in Sources */ = {isa = PBXBuildFile; fileRef = S014; };
		F015 /* UserStats.swift in Sources */ = {isa = PBXBuildFile; fileRef = S015; };
		F016 /* LiveSessionManager.swift in Sources */ = {isa = PBXBuildFile; fileRef = S016; };
		F017 /* AITrainerEngine.swift in Sources */ = {isa = PBXBuildFile; fileRef = S017; };
		F018 /* VoiceFeedbackManager.swift in Sources */ = {isa = PBXBuildFile; fileRef = S018; };
		F019 /* DemoModeManager.swift in Sources */ = {isa = PBXBuildFile; fileRef = S019; };
		F020 /* HapticFeedback.swift in Sources */ = {isa = PBXBuildFile; fileRef = S020; };
		F021 /* Extensions.swift in Sources */ = {isa = PBXBuildFile; fileRef = S021; };
		F022 /* CameraPermissionManager.swift in Sources */ = {isa = PBXBuildFile; fileRef = S022; };
		F023 /* Assets.xcassets in Resources */ = {isa = PBXBuildFile; fileRef = S023; };
		F024 /* BiomechanicsEngine.swift in Sources */ = {isa = PBXBuildFile; fileRef = S025; };
		F025 /* DeviceCapabilityManager.swift in Sources */ = {isa = PBXBuildFile; fileRef = S026; };
		F026 /* SensorFusionCore.swift in Sources */ = {isa = PBXBuildFile; fileRef = S027; };
		F027 /* SessionAnalyticsEngine.swift in Sources */ = {isa = PBXBuildFile; fileRef = S028; };
		F028 /* BiometricResult.swift in Sources */ = {isa = PBXBuildFile; fileRef = S029; };
		F029 /* DepthAwareSkeletonView.swift in Sources */ = {isa = PBXBuildFile; fileRef = S030; };
/* End PBXBuildFile section */

/* Begin PBXFileReference section */
		APP1 /* AI_Live_Trainer_System.app */ = {isa = PBXFileReference; explicitFileType = wrapper.application; includeInIndex = 0; path = AI_Live_Trainer_System.app; sourceTree = BUILT_PRODUCTS_DIR; };
		S001 /* AI_Live_Trainer_SystemApp.swift */ = {isa = PBXFileReference; lastKnownFileType = sourcecode.swift; path = AI_Live_Trainer_SystemApp.swift; sourceTree = "<group>"; };
		S002 /* ContentView.swift */ = {isa = PBXFileReference; lastKnownFileType = sourcecode.swift; path = ContentView.swift; sourceTree = "<group>"; };
		S003 /* HomeLibraryView.swift */ = {isa = PBXFileReference; lastKnownFileType = sourcecode.swift; path = HomeLibraryView.swift; sourceTree = "<group>"; };
		S004 /* WorkoutCardView.swift */ = {isa = PBXFileReference; lastKnownFileType = sourcecode.swift; path = WorkoutCardView.swift; sourceTree = "<group>"; };
		S005 /* WorkoutPreRollView.swift */ = {isa = PBXFileReference; lastKnownFileType = sourcecode.swift; path = WorkoutPreRollView.swift; sourceTree = "<group>"; };
		S006 /* LiveSessionView.swift */ = {isa = PBXFileReference; lastKnownFileType = sourcecode.swift; path = LiveSessionView.swift; sourceTree = "<group>"; };
		S007 /* CameraFeedView.swift */ = {isa = PBXFileReference; lastKnownFileType = sourcecode.swift; path = CameraFeedView.swift; sourceTree = "<group>"; };
		S008 /* ARBodyOverlayView.swift */ = {isa = PBXFileReference; lastKnownFileType = sourcecode.swift; path = ARBodyOverlayView.swift; sourceTree = "<group>"; };
		S009 /* PostWorkoutView.swift */ = {isa = PBXFileReference; lastKnownFileType = sourcecode.swift; path = PostWorkoutView.swift; sourceTree = "<group>"; };
		S010 /* ActivityView.swift */ = {isa = PBXFileReference; lastKnownFileType = sourcecode.swift; path = ActivityView.swift; sourceTree = "<group>"; };
		S011 /* AIInsightsView.swift */ = {isa = PBXFileReference; lastKnownFileType = sourcecode.swift; path = AIInsightsView.swift; sourceTree = "<group>"; };
		S012 /* SettingsView.swift */ = {isa = PBXFileReference; lastKnownFileType = sourcecode.swift; path = SettingsView.swift; sourceTree = "<group>"; };
		S013 /* WorkoutModel.swift */ = {isa = PBXFileReference; lastKnownFileType = sourcecode.swift; path = WorkoutModel.swift; sourceTree = "<group>"; };
		S014 /* WorkoutSession.swift */ = {isa = PBXFileReference; lastKnownFileType = sourcecode.swift; path = WorkoutSession.swift; sourceTree = "<group>"; };
		S015 /* UserStats.swift */ = {isa = PBXFileReference; lastKnownFileType = sourcecode.swift; path = UserStats.swift; sourceTree = "<group>"; };
		S016 /* LiveSessionManager.swift */ = {isa = PBXFileReference; lastKnownFileType = sourcecode.swift; path = LiveSessionManager.swift; sourceTree = "<group>"; };
		S017 /* AITrainerEngine.swift */ = {isa = PBXFileReference; lastKnownFileType = sourcecode.swift; path = AITrainerEngine.swift; sourceTree = "<group>"; };
		S018 /* VoiceFeedbackManager.swift */ = {isa = PBXFileReference; lastKnownFileType = sourcecode.swift; path = VoiceFeedbackManager.swift; sourceTree = "<group>"; };
		S019 /* DemoModeManager.swift */ = {isa = PBXFileReference; lastKnownFileType = sourcecode.swift; path = DemoModeManager.swift; sourceTree = "<group>"; };
		S020 /* HapticFeedback.swift */ = {isa = PBXFileReference; lastKnownFileType = sourcecode.swift; path = HapticFeedback.swift; sourceTree = "<group>"; };
		S021 /* Extensions.swift */ = {isa = PBXFileReference; lastKnownFileType = sourcecode.swift; path = Extensions.swift; sourceTree = "<group>"; };
		S022 /* CameraPermissionManager.swift */ = {isa = PBXFileReference; lastKnownFileType = sourcecode.swift; path = CameraPermissionManager.swift; sourceTree = "<group>"; };
		S023 /* Assets.xcassets */ = {isa = PBXFileReference; lastKnownFileType = folder.assetcatalog; path = Assets.xcassets; sourceTree = "<group>"; };
		S024 /* Info.plist */ = {isa = PBXFileReference; lastKnownFileType = text.plist.xml; path = Info.plist; sourceTree = "<group>"; };
		S025 /* BiomechanicsEngine.swift */ = {isa = PBXFileReference; lastKnownFileType = sourcecode.swift; path = BiomechanicsEngine.swift; sourceTree = "<group>"; };
		S026 /* DeviceCapabilityManager.swift */ = {isa = PBXFileReference; lastKnownFileType = sourcecode.swift; path = DeviceCapabilityManager.swift; sourceTree = "<group>"; };
		S027 /* SensorFusionCore.swift */ = {isa = PBXFileReference; lastKnownFileType = sourcecode.swift; path = SensorFusionCore.swift; sourceTree = "<group>"; };
		S028 /* SessionAnalyticsEngine.swift */ = {isa = PBXFileReference; lastKnownFileType = sourcecode.swift; path = SessionAnalyticsEngine.swift; sourceTree = "<group>"; };
		S029 /* BiometricResult.swift */ = {isa = PBXFileReference; lastKnownFileType = sourcecode.swift; path = BiometricResult.swift; sourceTree = "<group>"; };
		S030 /* DepthAwareSkeletonView.swift */ = {isa = PBXFileReference; lastKnownFileType = sourcecode.swift; path = DepthAwareSkeletonView.swift; sourceTree = "<group>"; };
/* End PBXFileReference section */

/* Begin PBXFrameworksBuildPhase section */
		FWK1 /* Frameworks */ = {
			isa = PBXFrameworksBuildPhase;
			buildActionMask = 2147483647;
			files = (
			);
			runOnlyForDeploymentPostprocessing = 0;
		};
/* End PBXFrameworksBuildPhase section */

/* Begin PBXGroup section */
		ROOT = {
			isa = PBXGroup;
			children = (
				MAIN /* AI_Live_Trainer_System */,
				PROD /* Products */,
			);
			sourceTree = "<group>";
		};
		MAIN /* AI_Live_Trainer_System */ = {
			isa = PBXGroup;
			children = (
				S001 /* AI_Live_Trainer_SystemApp.swift */,
				S002 /* ContentView.swift */,
				GVIEWS /* Views */,
				GMODELS /* Models */,
				GENGINE /* Engine */,
				GUTILS /* Utilities */,
				S023 /* Assets.xcassets */,
				S024 /* Info.plist */,
			);
			path = AI_Live_Trainer_System;
			sourceTree = "<group>";
		};
		GVIEWS /* Views */ = {
			isa = PBXGroup;
			children = (
				S003 /* HomeLibraryView.swift */,
				S004 /* WorkoutCardView.swift */,
				S005 /* WorkoutPreRollView.swift */,
				S006 /* LiveSessionView.swift */,
				S007 /* CameraFeedView.swift */,
				S008 /* ARBodyOverlayView.swift */,
				S009 /* PostWorkoutView.swift */,
				S010 /* ActivityView.swift */,
				S011 /* AIInsightsView.swift */,
				S012 /* SettingsView.swift */,
				S030 /* DepthAwareSkeletonView.swift */,
			);
			path = Views;
			sourceTree = "<group>";
		};
		GMODELS /* Models */ = {
			isa = PBXGroup;
			children = (
				S013 /* WorkoutModel.swift */,
				S014 /* WorkoutSession.swift */,
				S015 /* UserStats.swift */,
				S029 /* BiometricResult.swift */,
			);
			path = Models;
			sourceTree = "<group>";
		};
		GENGINE /* Engine */ = {
			isa = PBXGroup;
			children = (
				S016 /* LiveSessionManager.swift */,
				S017 /* AITrainerEngine.swift */,
				S018 /* VoiceFeedbackManager.swift */,
				S019 /* DemoModeManager.swift */,
				S025 /* BiomechanicsEngine.swift */,
				S026 /* DeviceCapabilityManager.swift */,
				S027 /* SensorFusionCore.swift */,
				S028 /* SessionAnalyticsEngine.swift */,
			);
			path = Engine;
			sourceTree = "<group>";
		};
		GUTILS /* Utilities */ = {
			isa = PBXGroup;
			children = (
				S020 /* HapticFeedback.swift */,
				S021 /* Extensions.swift */,
				S022 /* CameraPermissionManager.swift */,
			);
			path = Utilities;
			sourceTree = "<group>";
		};
		PROD /* Products */ = {
			isa = PBXGroup;
			children = (
				APP1 /* AI_Live_Trainer_System.app */,
			);
			name = Products;
			sourceTree = "<group>";
		};
/* End PBXGroup section */

/* Begin PBXNativeTarget section */
		TGT1 /* AI_Live_Trainer_System */ = {
			isa = PBXNativeTarget;
			buildConfigurationList = CFG1 /* Build configuration list for PBXNativeTarget "AI_Live_Trainer_System" */;
			buildPhases = (
				SRC1 /* Sources */,
				FWK1 /* Frameworks */,
				RES1 /* Resources */,
			);
			buildRules = (
			);
			dependencies = (
			);
			name = AI_Live_Trainer_System;
			productName = AI_Live_Trainer_System;
			productReference = APP1 /* AI_Live_Trainer_System.app */;
			productType = "com.apple.product-type.application";
		};
/* End PBXNativeTarget section */

/* Begin PBXProject section */
		PROJ /* Project object */ = {
			isa = PBXProject;
			attributes = {
				BuildIndependentTargetsInParallel = 1;
				LastSwiftUpdateCheck = 1500;
				LastUpgradeCheck = 1500;
				TargetAttributes = {
					TGT1 = {
						CreatedOnToolsVersion = 15.0;
					};
				};
			};
			buildConfigurationList = CFG2 /* Build configuration list for PBXProject "AI_Live_Trainer_System" */;
			compatibilityVersion = "Xcode 14.0";
			developmentRegion = en;
			hasScannedForEncodings = 0;
			knownRegions = (
				en,
				Base,
			);
			mainGroup = ROOT;
			productRefGroup = PROD /* Products */;
			projectDirPath = "";
			projectRoot = "";
			targets = (
				TGT1 /* AI_Live_Trainer_System */,
			);
		};
/* End PBXProject section */

/* Begin PBXResourcesBuildPhase section */
		RES1 /* Resources */ = {
			isa = PBXResourcesBuildPhase;
			buildActionMask = 2147483647;
			files = (
				F023 /* Assets.xcassets in Resources */,
			);
			runOnlyForDeploymentPostprocessing = 0;
		};
/* End PBXResourcesBuildPhase section */

/* Begin PBXSourcesBuildPhase section */
		SRC1 /* Sources */ = {
			isa = PBXSourcesBuildPhase;
			buildActionMask = 2147483647;
			files = (
				F001 /* AI_Live_Trainer_SystemApp.swift in Sources */,
				F002 /* ContentView.swift in Sources */,
				F003 /* HomeLibraryView.swift in Sources */,
				F004 /* WorkoutCardView.swift in Sources */,
				F005 /* WorkoutPreRollView.swift in Sources */,
				F006 /* LiveSessionView.swift in Sources */,
				F007 /* CameraFeedView.swift in Sources */,
				F008 /* ARBodyOverlayView.swift in Sources */,
				F009 /* PostWorkoutView.swift in Sources */,
				F010 /* ActivityView.swift in Sources */,
				F011 /* AIInsightsView.swift in Sources */,
				F012 /* SettingsView.swift in Sources */,
				F013 /* WorkoutModel.swift in Sources */,
				F014 /* WorkoutSession.swift in Sources */,
				F015 /* UserStats.swift in Sources */,
				F016 /* LiveSessionManager.swift in Sources */,
				F017 /* AITrainerEngine.swift in Sources */,
				F018 /* VoiceFeedbackManager.swift in Sources */,
				F019 /* DemoModeManager.swift in Sources */,
				F020 /* HapticFeedback.swift in Sources */,
				F021 /* Extensions.swift in Sources */,
				F022 /* CameraPermissionManager.swift in Sources */,
				F024 /* BiomechanicsEngine.swift in Sources */,
				F025 /* DeviceCapabilityManager.swift in Sources */,
				F026 /* SensorFusionCore.swift in Sources */,
				F027 /* SessionAnalyticsEngine.swift in Sources */,
				F028 /* BiometricResult.swift in Sources */,
				F029 /* DepthAwareSkeletonView.swift in Sources */,
			);
			runOnlyForDeploymentPostprocessing = 0;
		};
/* End PBXSourcesBuildPhase section */

/* Begin XCBuildConfiguration section */
		DBG /* Debug */ = {
			isa = XCBuildConfiguration;
			buildSettings = {
				ALWAYS_SEARCH_USER_PATHS = NO;
				ASSETCATALOG_COMPILER_APPICON_NAME = AppIcon;
				ASSETCATALOG_COMPILER_GENERATE_SWIFT_ASSET_SYMBOL_EXTENSIONS = YES;
				CLANG_ANALYZER_NONNULL = YES;
				CLANG_ANALYZER_NUMBER_OBJECT_CONVERSION = YES_AGGRESSIVE;
				CLANG_CXX_LANGUAGE_STANDARD = "gnu++20";
				CLANG_ENABLE_MODULES = YES;
				CLANG_ENABLE_OBJC_ARC = YES;
				CLANG_ENABLE_OBJC_WEAK = YES;
				CLANG_WARN_BLOCK_CAPTURE_AUTORELEASING = YES;
				CLANG_WARN_BOOL_CONVERSION = YES;
				CLANG_WARN_COMMA = YES;
				CLANG_WARN_CONSTANT_CONVERSION = YES;
				CLANG_WARN_DEPRECATED_OBJC_IMPLEMENTATIONS = YES;
				CLANG_WARN_DIRECT_OBJC_ISA_USAGE = YES_ERROR;
				CLANG_WARN_DOCUMENTATION_COMMENTS = YES;
				CLANG_WARN_EMPTY_BODY = YES;
				CLANG_WARN_ENUM_CONVERSION = YES;
				CLANG_WARN_INFINITE_RECURSION = YES;
				CLANG_WARN_INT_CONVERSION = YES;
				CLANG_WARN_NON_LITERAL_NULL_CONVERSION = YES;
				CLANG_WARN_OBJC_IMPLICIT_RETAIN_SELF = YES;
				CLANG_WARN_OBJC_LITERAL_CONVERSION = YES;
				CLANG_WARN_OBJC_ROOT_CLASS = YES_ERROR;
				CLANG_WARN_QUOTED_INCLUDE_IN_FRAMEWORK_HEADER = YES;
				CLANG_WARN_RANGE_LOOP_ANALYSIS = YES;
				CLANG_WARN_STRICT_PROTOTYPES = YES;
				CLANG_WARN_SUSPICIOUS_MOVE = YES;
				CLANG_WARN_UNGUARDED_AVAILABILITY = YES_AGGRESSIVE;
				CLANG_WARN_UNREACHABLE_CODE = YES;
				CLANG_WARN__DUPLICATE_METHOD_MATCH = YES;
				COPY_PHASE_STRIP = NO;
				DEBUG_INFORMATION_FORMAT = dwarf;
				ENABLE_STRICT_OBJC_MSGSEND = YES;
				ENABLE_TESTABILITY = YES;
				ENABLE_USER_SCRIPT_SANDBOXING = YES;
				GCC_C_LANGUAGE_STANDARD = gnu17;
				GCC_DYNAMIC_NO_PIC = NO;
				GCC_NO_COMMON_BLOCKS = YES;
				GCC_OPTIMIZATION_LEVEL = 0;
				GCC_PREPROCESSOR_DEFINITIONS = (
					"DEBUG=1",
					"$(inherited)",
				);
				GCC_WARN_64_TO_32_BIT_CONVERSION = YES;
				GCC_WARN_ABOUT_RETURN_TYPE = YES_ERROR;
				GCC_WARN_UNDECLARED_SELECTOR = YES;
				GCC_WARN_UNINITIALIZED_AUTOS = YES_AGGRESSIVE;
				GCC_WARN_UNUSED_FUNCTION = YES;
				GCC_WARN_UNUSED_VARIABLE = YES;
				IPHONEOS_DEPLOYMENT_TARGET = 17.0;
				LOCALIZATION_PREFERS_STRING_CATALOGS = YES;
				MTL_ENABLE_DEBUG_INFO = INCLUDE_SOURCE;
				MTL_FAST_MATH = YES;
				ONLY_ACTIVE_ARCH = YES;
				SDKROOT = iphoneos;
				SWIFT_ACTIVE_COMPILATION_CONDITIONS = "DEBUG $(inherited)";
				SWIFT_OPTIMIZATION_LEVEL = "-Onone";
			};
			name = Debug;
		};
		REL /* Release */ = {
			isa = XCBuildConfiguration;
			buildSettings = {
				ALWAYS_SEARCH_USER_PATHS = NO;
				ASSETCATALOG_COMPILER_APPICON_NAME = AppIcon;
				ASSETCATALOG_COMPILER_GENERATE_SWIFT_ASSET_SYMBOL_EXTENSIONS = YES;
				CLANG_ANALYZER_NONNULL = YES;
				CLANG_ANALYZER_NUMBER_OBJECT_CONVERSION = YES_AGGRESSIVE;
				CLANG_CXX_LANGUAGE_STANDARD = "gnu++20";
				CLANG_ENABLE_MODULES = YES;
				CLANG_ENABLE_OBJC_ARC = YES;
				CLANG_ENABLE_OBJC_WEAK = YES;
				CLANG_WARN_BLOCK_CAPTURE_AUTORELEASING = YES;
				CLANG_WARN_BOOL_CONVERSION = YES;
				CLANG_WARN_COMMA = YES;
				CLANG_WARN_CONSTANT_CONVERSION = YES;
				CLANG_WARN_DEPRECATED_OBJC_IMPLEMENTATIONS = YES;
				CLANG_WARN_DIRECT_OBJC_ISA_USAGE = YES_ERROR;
				CLANG_WARN_DOCUMENTATION_COMMENTS = YES;
				CLANG_WARN_EMPTY_BODY = YES;
				CLANG_WARN_ENUM_CONVERSION = YES;
				CLANG_WARN_INFINITE_RECURSION = YES;
				CLANG_WARN_INT_CONVERSION = YES;
				CLANG_WARN_NON_LITERAL_NULL_CONVERSION = YES;
				CLANG_WARN_OBJC_IMPLICIT_RETAIN_SELF = YES;
				CLANG_WARN_OBJC_LITERAL_CONVERSION = YES;
				CLANG_WARN_OBJC_ROOT_CLASS = YES_ERROR;
				CLANG_WARN_QUOTED_INCLUDE_IN_FRAMEWORK_HEADER = YES;
				CLANG_WARN_RANGE_LOOP_ANALYSIS = YES;
				CLANG_WARN_STRICT_PROTOTYPES = YES;
				CLANG_WARN_SUSPICIOUS_MOVE = YES;
				CLANG_WARN_UNGUARDED_AVAILABILITY = YES_AGGRESSIVE;
				CLANG_WARN_UNREACHABLE_CODE = YES;
				CLANG_WARN__DUPLICATE_METHOD_MATCH = YES;
				COPY_PHASE_STRIP = NO;
				DEBUG_INFORMATION_FORMAT = "dwarf-with-dsym";
				ENABLE_NS_ASSERTIONS = NO;
				ENABLE_STRICT_OBJC_MSGSEND = YES;
				ENABLE_USER_SCRIPT_SANDBOXING = YES;
				GCC_C_LANGUAGE_STANDARD = gnu17;
				GCC_NO_COMMON_BLOCKS = YES;
				GCC_WARN_64_TO_32_BIT_CONVERSION = YES;
				GCC_WARN_ABOUT_RETURN_TYPE = YES_ERROR;
				GCC_WARN_UNDECLARED_SELECTOR = YES;
				GCC_WARN_UNINITIALIZED_AUTOS = YES_AGGRESSIVE;
				GCC_WARN_UNUSED_FUNCTION = YES;
				GCC_WARN_UNUSED_VARIABLE = YES;
				IPHONEOS_DEPLOYMENT_TARGET = 17.0;
				LOCALIZATION_PREFERS_STRING_CATALOGS = YES;
				MTL_ENABLE_DEBUG_INFO = NO;
				MTL_FAST_MATH = YES;
				SDKROOT = iphoneos;
				SWIFT_COMPILATION_MODE = wholemodule;
				VALIDATE_PRODUCT = YES;
			};
			name = Release;
		};
		TDBG /* Debug */ = {
			isa = XCBuildConfiguration;
			buildSettings = {
				ASSETCATALOG_COMPILER_APPICON_NAME = AppIcon;
				ASSETCATALOG_COMPILER_GLOBAL_ACCENT_COLOR_NAME = AccentColor;
				CODE_SIGN_IDENTITY = "";
				CODE_SIGN_STYLE = Automatic;
				CURRENT_PROJECT_VERSION = 1;
				DEVELOPMENT_TEAM = "";
				ENABLE_PREVIEWS = YES;
				GENERATE_INFOPLIST_FILE = NO;
				INFOPLIST_FILE = AI_Live_Trainer_System/Info.plist;
				INFOPLIST_KEY_NSCameraUsageDescription = "Camera access is required for AI-powered form tracking during workouts.";
				INFOPLIST_KEY_UIApplicationSceneManifest_Generation = YES;
				INFOPLIST_KEY_UIApplicationSupportsIndirectInputEvents = YES;
				INFOPLIST_KEY_UILaunchScreen_Generation = YES;
				INFOPLIST_KEY_UISupportedInterfaceOrientations = "UIInterfaceOrientationPortrait UIInterfaceOrientationLandscapeLeft UIInterfaceOrientationLandscapeRight";
				INFOPLIST_KEY_UISupportedInterfaceOrientations_iPad = "UIInterfaceOrientationPortrait UIInterfaceOrientationPortraitUpsideDown UIInterfaceOrientationLandscapeLeft UIInterfaceOrientationLandscapeRight";
				IPHONEOS_DEPLOYMENT_TARGET = 17.0;
				LD_RUNPATH_SEARCH_PATHS = (
					"$(inherited)",
					"@executable_path/Frameworks",
				);
				MARKETING_VERSION = 1.0;
				PRODUCT_BUNDLE_IDENTIFIER = "com.example.AI-Live-Trainer-System";
				PRODUCT_NAME = "$(TARGET_NAME)";
				SWIFT_EMIT_LOC_STRINGS = YES;
				SWIFT_VERSION = 5.0;
				TARGETED_DEVICE_FAMILY = "1,2";
			};
			name = Debug;
		};
		TREL /* Release */ = {
			isa = XCBuildConfiguration;
			buildSettings = {
				ASSETCATALOG_COMPILER_APPICON_NAME = AppIcon;
				ASSETCATALOG_COMPILER_GLOBAL_ACCENT_COLOR_NAME = AccentColor;
				CODE_SIGN_IDENTITY = "";
				CODE_SIGN_STYLE = Automatic;
				CURRENT_PROJECT_VERSION = 1;
				DEVELOPMENT_TEAM = "";
				ENABLE_PREVIEWS = YES;
				GENERATE_INFOPLIST_FILE = NO;
				INFOPLIST_FILE = AI_Live_Trainer_System/Info.plist;
				INFOPLIST_KEY_NSCameraUsageDescription = "Camera access is required for AI-powered form tracking during workouts.";
				INFOPLIST_KEY_UIApplicationSceneManifest_Generation = YES;
				INFOPLIST_KEY_UIApplicationSupportsIndirectInputEvents = YES;
				INFOPLIST_KEY_UILaunchScreen_Generation = YES;
				INFOPLIST_KEY_UISupportedInterfaceOrientations = "UIInterfaceOrientationPortrait UIInterfaceOrientationLandscapeLeft UIInterfaceOrientationLandscapeRight";
				INFOPLIST_KEY_UISupportedInterfaceOrientations_iPad = "UIInterfaceOrientationPortrait UIInterfaceOrientationPortraitUpsideDown UIInterfaceOrientationLandscapeLeft UIInterfaceOrientationLandscapeRight";
				IPHONEOS_DEPLOYMENT_TARGET = 17.0;
				LD_RUNPATH_SEARCH_PATHS = (
					"$(inherited)",
					"@executable_path/Frameworks",
				);
				MARKETING_VERSION = 1.0;
				PRODUCT_BUNDLE_IDENTIFIER = "com.example.AI-Live-Trainer-System";
				PRODUCT_NAME = "$(TARGET_NAME)";
				SWIFT_EMIT_LOC_STRINGS = YES;
				SWIFT_VERSION = 5.0;
				TARGETED_DEVICE_FAMILY = "1,2";
			};
			name = Release;
		};
/* End XCBuildConfiguration section */

/* Begin XCConfigurationList section */
		CFG1 /* Build configuration list for PBXNativeTarget "AI_Live_Trainer_System" */ = {
			isa = XCConfigurationList;
			buildConfigurations = (
				TDBG /* Debug */,
				TREL /* Release */,
			);
			defaultConfigurationIsVisible = 0;
			defaultConfigurationName = Release;
		};
		CFG2 /* Build configuration list for PBXProject "AI_Live_Trainer_System" */ = {
			isa = XCConfigurationList;
			buildConfigurations = (
				DBG /* Debug */,
				REL /* Release */,
			);
			defaultConfigurationIsVisible = 0;
			defaultConfigurationName = Release;
		};
/* End XCConfigurationList section */
	};
	rootObject = PROJ /* Project object */;
}
